# THIS IS AN AUTOGENERATED FILE. DO NOT EDIT THIS FILE DIRECTLY.
# yarn lockfile v1


lb-styles@^0.1.0:
  version "0.1.0"
  resolved "https://registry.yarnpkg.com/lb-styles/-/lb-styles-0.1.0.tgz#7e4940223bccac674984d17a0473a36b58886c5b"
  integrity sha512-ehrWuB4iTI6TLrJsEl2wbovxxBjQurjswvuRRK3Fa++WoZhz46GGrxCVus1BHk3wuZgvFuzmpZ7ujXDWDrH6UA==
